{
  "name": "react-native-libsodium",
  "version": "0.0.1",
  "lockfileVersion": 1,
  "requires": true,
  "dependencies": {
    "@types/prop-types": {
      "version": "15.7.3",
      "resolved": "https://registry.npmjs.org/@types/prop-types/-/prop-types-15.7.3.tgz",
      "integrity": "sha512-KfRL3PuHmqQLOG+2tGpRO26Ctg+Cq1E01D2DMriKEATHgWLfeNDmq9e29Q9WIky0dQ3NPkd1mzYH8Lm936Z9qw==",
      "dev": true
    },
    "@types/react": {
      "version": "16.14.2",
      "resolved": "https://registry.npmjs.org/@types/react/-/react-16.14.2.tgz",
      "integrity": "sha512-BzzcAlyDxXl2nANlabtT4thtvbbnhee8hMmH/CcJrISDBVcJS1iOsP1f0OAgSdGE0MsY9tqcrb9YoZcOFv9dbQ==",
      "dev": true,
      "requires": {
        "@types/prop-types": "*",
        "csstype": "^3.0.2"
      }
    },
    "bint8array": {
      "version": "1.1.1",
      "resolved": "https://registry.npmjs.org/bint8array/-/bint8array-1.1.1.tgz",
      "integrity": "sha512-MFgYYhEU92shS6rCCpXQ802uMqZb3lQnVPFsjg2QnrDIuwYPC2IwIhK9PpXh12mZv1tT0sPG4efQBHmTOL/iHQ=="
    },
    "csstype": {
      "version": "3.0.6",
      "resolved": "https://registry.npmjs.org/csstype/-/csstype-3.0.6.tgz",
      "integrity": "sha512-+ZAmfyWMT7TiIlzdqJgjMb7S4f1beorDbWbsocyK4RaiqA5RTX3K14bnBWmmA9QEM0gRdsjyyrEmcyga8Zsxmw==",
      "dev": true
    },
    "eslint-plugin-prettier": {
      "version": "3.3.1",
      "resolved": "https://registry.npmjs.org/eslint-plugin-prettier/-/eslint-plugin-prettier-3.3.1.tgz",
      "integrity": "sha512-Rq3jkcFY8RYeQLgk2cCwuc0P7SEFwDravPhsJZOQ5N4YI4DSg50NyqJ/9gdZHzQlHf8MvafSesbNJCcP/FF6pQ==",
      "dev": true,
      "requires": {
        "prettier-linter-helpers": "^1.0.0"
      }
    },
    "fast-diff": {
      "version": "1.2.0",
      "resolved": "https://registry.npmjs.org/fast-diff/-/fast-diff-1.2.0.tgz",
      "integrity": "sha512-xJuoT5+L99XlZ8twedaRf6Ax2TgQVxvgZOYoPKqZufmJib0tL2tegPBOZb1pVNgIhlqDlA0eO0c3wBvQcmzx4w==",
      "dev": true
    },
    "pod-install": {
      "version": "0.1.14",
      "resolved": "https://registry.npmjs.org/pod-install/-/pod-install-0.1.14.tgz",
      "integrity": "sha512-0mkeQ9xobmFXmquA0fLl7/0C3fw+a5iwDN8Rqggmk2xalIdcXkxOimwr+Yj9N7bRnDZfmuMpWBVsot9mFaHnlQ==",
      "dev": true
    },
    "prettier": {
      "version": "2.2.1",
      "resolved": "https://registry.npmjs.org/prettier/-/prettier-2.2.1.tgz",
      "integrity": "sha512-PqyhM2yCjg/oKkFPtTGUojv7gnZAoG80ttl45O6x2Ug/rMJw4wcc9k6aaf2hibP7BGVCCM33gZoGjyvt9mm16Q==",
      "dev": true
    },
    "prettier-linter-helpers": {
      "version": "1.0.0",
      "resolved": "https://registry.npmjs.org/prettier-linter-helpers/-/prettier-linter-helpers-1.0.0.tgz",
      "integrity": "sha512-GbK2cP9nraSSUF9N2XwUwqfzlAFlMNYYl+ShE/V+H8a9uNl/oUqB1w2EL54Jh0OlyRSd8RfWYJ3coVS4TROP2w==",
      "dev": true,
      "requires": {
        "fast-diff": "^1.1.2"
      }
    }
  }
}
